// !$*UTF8*$!
{
	archiveVersion = 1;
	classes = {
	};
	objectVersion = 56;
	objects = {

/* Begin PBXBuildFile section */
		0D9B3F38E3AC6F22BCFD3F20 /* Pods_WBPO_Assignment.framework in Frameworks */ = {isa = PBXBuildFile; fileRef = 857947EA73ACFA1E4B116B24 /* Pods_WBPO_Assignment.framework */; };
		CF22B50D2BC575640034E750 /* AppDelegate.swift in Sources */ = {isa = PBXBuildFile; fileRef = CF22B50C2BC575640034E750 /* AppDelegate.swift */; };
		CF22B50F2BC575640034E750 /* SceneDelegate.swift in Sources */ = {isa = PBXBuildFile; fileRef = CF22B50E2BC575640034E750 /* SceneDelegate.swift */; };
		CF22B5162BC575650034E750 /* Assets.xcassets in Resources */ = {isa = PBXBuildFile; fileRef = CF22B5152BC575650034E750 /* Assets.xcassets */; };
		CF22B5192BC575650034E750 /* LaunchScreen.storyboard in Resources */ = {isa = PBXBuildFile; fileRef = CF22B5172BC575650034E750 /* LaunchScreen.storyboard */; };
		CF22B5232BC575EA0034E750 /* UIViewController+Extension.swift in Sources */ = {isa = PBXBuildFile; fileRef = CF22B5222BC575EA0034E750 /* UIViewController+Extension.swift */; };
		CF22B5272BC5769B0034E750 /* LoginViewController.swift in Sources */ = {isa = PBXBuildFile; fileRef = CF22B5262BC5769B0034E750 /* LoginViewController.swift */; };
		CF22B5292BC576A20034E750 /* LoginViewController.storyboard in Resources */ = {isa = PBXBuildFile; fileRef = CF22B5282BC576A20034E750 /* LoginViewController.storyboard */; };
		CF22B52B2BC576A80034E750 /* LoginViewModel.swift in Sources */ = {isa = PBXBuildFile; fileRef = CF22B52A2BC576A80034E750 /* LoginViewModel.swift */; };
		CF22B52D2BC576B00034E750 /* LoginCoordinator.swift in Sources */ = {isa = PBXBuildFile; fileRef = CF22B52C2BC576B00034E750 /* LoginCoordinator.swift */; };
		CF22B52F2BC7EF240034E750 /* ApiRoutes.swift in Sources */ = {isa = PBXBuildFile; fileRef = CF22B52E2BC7EF240034E750 /* ApiRoutes.swift */; };
		CF22B5332BC7F0820034E750 /* RegisterRequestModel.swift in Sources */ = {isa = PBXBuildFile; fileRef = CF22B5322BC7F0820034E750 /* RegisterRequestModel.swift */; };
		CF22B5352BC7F2210034E750 /* ApiClient.swift in Sources */ = {isa = PBXBuildFile; fileRef = CF22B5342BC7F2210034E750 /* ApiClient.swift */; };
		CF22B5372BC7F2A80034E750 /* RegisterResponseModel.swift in Sources */ = {isa = PBXBuildFile; fileRef = CF22B5362BC7F2A80034E750 /* RegisterResponseModel.swift */; };
		CF22B5392BC7F86C0034E750 /* ErrorModel.swift in Sources */ = {isa = PBXBuildFile; fileRef = CF22B5382BC7F86C0034E750 /* ErrorModel.swift */; };
		CF22B53D2BC803350034E750 /* UIView+Extension.swift in Sources */ = {isa = PBXBuildFile; fileRef = CF22B53C2BC803350034E750 /* UIView+Extension.swift */; };
		CF22B5412BC821E30034E750 /* KeychainService.swift in Sources */ = {isa = PBXBuildFile; fileRef = CF22B5402BC821E30034E750 /* KeychainService.swift */; };
		CF22B5432BC8221F0034E750 /* KeychainService+Extensions.swift in Sources */ = {isa = PBXBuildFile; fileRef = CF22B5422BC8221F0034E750 /* KeychainService+Extensions.swift */; };
		CF22B5462BC8227E0034E750 /* UserCredentials.swift in Sources */ = {isa = PBXBuildFile; fileRef = CF22B5452BC8227E0034E750 /* UserCredentials.swift */; };
		CF22B5492BC82E630034E750 /* UserListCoordinator.swift in Sources */ = {isa = PBXBuildFile; fileRef = CF22B5482BC82E630034E750 /* UserListCoordinator.swift */; };
		CF22B54B2BC82E690034E750 /* UserListViewModel.swift in Sources */ = {isa = PBXBuildFile; fileRef = CF22B54A2BC82E680034E750 /* UserListViewModel.swift */; };
		CF22B54D2BC82E710034E750 /* UserListViewController.swift in Sources */ = {isa = PBXBuildFile; fileRef = CF22B54C2BC82E710034E750 /* UserListViewController.swift */; };
		CF22B54F2BC82E770034E750 /* UserListViewController.storyboard in Resources */ = {isa = PBXBuildFile; fileRef = CF22B54E2BC82E770034E750 /* UserListViewController.storyboard */; };
		CF22B5512BC830140034E750 /* BaseCoordinator.swift in Sources */ = {isa = PBXBuildFile; fileRef = CF22B5502BC830140034E750 /* BaseCoordinator.swift */; };
		CF22B5572BC8311C0034E750 /* LoadingView.swift in Sources */ = {isa = PBXBuildFile; fileRef = CF22B5562BC8311C0034E750 /* LoadingView.swift */; };
		CF22B5592BC8312E0034E750 /* LoadingView.xib in Resources */ = {isa = PBXBuildFile; fileRef = CF22B5582BC8312E0034E750 /* LoadingView.xib */; };
		CF22B55B2BC945950034E750 /* UsersResponseModel.swift in Sources */ = {isa = PBXBuildFile; fileRef = CF22B55A2BC945950034E750 /* UsersResponseModel.swift */; };
		CF4DF2072BC953FC00C142B3 /* UserTableViewCell.swift in Sources */ = {isa = PBXBuildFile; fileRef = CF4DF2052BC953FC00C142B3 /* UserTableViewCell.swift */; };
		CF4DF2082BC953FC00C142B3 /* UserTableViewCell.xib in Resources */ = {isa = PBXBuildFile; fileRef = CF4DF2062BC953FC00C142B3 /* UserTableViewCell.xib */; };
		CF4DF20B2BC97AEE00C142B3 /* UserDefaults+Extension.swift in Sources */ = {isa = PBXBuildFile; fileRef = CF4DF20A2BC97AEE00C142B3 /* UserDefaults+Extension.swift */; };
/* End PBXBuildFile section */

/* Begin PBXFileReference section */
		7438C600168BBF4E82E1614C /* Pods-WBPO-Assignment.debug.xcconfig */ = {isa = PBXFileReference; includeInIndex = 1; lastKnownFileType = text.xcconfig; name = "Pods-WBPO-Assignment.debug.xcconfig"; path = "Target Support Files/Pods-WBPO-Assignment/Pods-WBPO-Assignment.debug.xcconfig"; sourceTree = "<group>"; };
		7AD3005D736CE3704F629F1B /* Pods-WBPO-Assignment.release.xcconfig */ = {isa = PBXFileReference; includeInIndex = 1; lastKnownFileType = text.xcconfig; name = "Pods-WBPO-Assignment.release.xcconfig"; path = "Target Support Files/Pods-WBPO-Assignment/Pods-WBPO-Assignment.release.xcconfig"; sourceTree = "<group>"; };
		857947EA73ACFA1E4B116B24 /* Pods_WBPO_Assignment.framework */ = {isa = PBXFileReference; explicitFileType = wrapper.framework; includeInIndex = 0; path = Pods_WBPO_Assignment.framework; sourceTree = BUILT_PRODUCTS_DIR; };
		CF22B5092BC575640034E750 /* WBPO-Assignment.app */ = {isa = PBXFileReference; explicitFileType = wrapper.application; includeInIndex = 0; path = "WBPO-Assignment.app"; sourceTree = BUILT_PRODUCTS_DIR; };
		CF22B50C2BC575640034E750 /* AppDelegate.swift */ = {isa = PBXFileReference; lastKnownFileType = sourcecode.swift; path = AppDelegate.swift; sourceTree = "<group>"; };
		CF22B50E2BC575640034E750 /* SceneDelegate.swift */ = {isa = PBXFileReference; lastKnownFileType = sourcecode.swift; path = SceneDelegate.swift; sourceTree = "<group>"; };
		CF22B5152BC575650034E750 /* Assets.xcassets */ = {isa = PBXFileReference; lastKnownFileType = folder.assetcatalog; path = Assets.xcassets; sourceTree = "<group>"; };
		CF22B5182BC575650034E750 /* Base */ = {isa = PBXFileReference; lastKnownFileType = file.storyboard; name = Base; path = Base.lproj/LaunchScreen.storyboard; sourceTree = "<group>"; };
		CF22B51A2BC575650034E750 /* Info.plist */ = {isa = PBXFileReference; lastKnownFileType = text.plist.xml; path = Info.plist; sourceTree = "<group>"; };
		CF22B5222BC575EA0034E750 /* UIViewController+Extension.swift */ = {isa = PBXFileReference; lastKnownFileType = sourcecode.swift; path = "UIViewController+Extension.swift"; sourceTree = SOURCE_ROOT; };
		CF22B5262BC5769B0034E750 /* LoginViewController.swift */ = {isa = PBXFileReference; lastKnownFileType = sourcecode.swift; path = LoginViewController.swift; sourceTree = "<group>"; };
		CF22B5282BC576A20034E750 /* LoginViewController.storyboard */ = {isa = PBXFileReference; lastKnownFileType = file.storyboard; path = LoginViewController.storyboard; sourceTree = "<group>"; };
		CF22B52A2BC576A80034E750 /* LoginViewModel.swift */ = {isa = PBXFileReference; lastKnownFileType = sourcecode.swift; path = LoginViewModel.swift; sourceTree = "<group>"; };
		CF22B52C2BC576B00034E750 /* LoginCoordinator.swift */ = {isa = PBXFileReference; lastKnownFileType = sourcecode.swift; path = LoginCoordinator.swift; sourceTree = "<group>"; };
		CF22B52E2BC7EF240034E750 /* ApiRoutes.swift */ = {isa = PBXFileReference; lastKnownFileType = sourcecode.swift; path = ApiRoutes.swift; sourceTree = "<group>"; };
		CF22B5322BC7F0820034E750 /* RegisterRequestModel.swift */ = {isa = PBXFileReference; lastKnownFileType = sourcecode.swift; path = RegisterRequestModel.swift; sourceTree = "<group>"; };
		CF22B5342BC7F2210034E750 /* ApiClient.swift */ = {isa = PBXFileReference; lastKnownFileType = sourcecode.swift; path = ApiClient.swift; sourceTree = "<group>"; };
		CF22B5362BC7F2A80034E750 /* RegisterResponseModel.swift */ = {isa = PBXFileReference; lastKnownFileType = sourcecode.swift; path = RegisterResponseModel.swift; sourceTree = "<group>"; };
		CF22B5382BC7F86C0034E750 /* ErrorModel.swift */ = {isa = PBXFileReference; lastKnownFileType = sourcecode.swift; path = ErrorModel.swift; sourceTree = "<group>"; };
		CF22B53C2BC803350034E750 /* UIView+Extension.swift */ = {isa = PBXFileReference; lastKnownFileType = sourcecode.swift; path = "UIView+Extension.swift"; sourceTree = "<group>"; };
		CF22B5402BC821E30034E750 /* KeychainService.swift */ = {isa = PBXFileReference; lastKnownFileType = sourcecode.swift; path = KeychainService.swift; sourceTree = "<group>"; };
		CF22B5422BC8221F0034E750 /* KeychainService+Extensions.swift */ = {isa = PBXFileReference; lastKnownFileType = sourcecode.swift; path = "KeychainService+Extensions.swift"; sourceTree = "<group>"; };
		CF22B5452BC8227E0034E750 /* UserCredentials.swift */ = {isa = PBXFileReference; lastKnownFileType = sourcecode.swift; path = UserCredentials.swift; sourceTree = "<group>"; };
		CF22B5482BC82E630034E750 /* UserListCoordinator.swift */ = {isa = PBXFileReference; lastKnownFileType = sourcecode.swift; path = UserListCoordinator.swift; sourceTree = "<group>"; };
		CF22B54A2BC82E680034E750 /* UserListViewModel.swift */ = {isa = PBXFileReference; lastKnownFileType = sourcecode.swift; path = UserListViewModel.swift; sourceTree = "<group>"; };
		CF22B54C2BC82E710034E750 /* UserListViewController.swift */ = {isa = PBXFileReference; lastKnownFileType = sourcecode.swift; path = UserListViewController.swift; sourceTree = "<group>"; };
		CF22B54E2BC82E770034E750 /* UserListViewController.storyboard */ = {isa = PBXFileReference; lastKnownFileType = file.storyboard; path = UserListViewController.storyboard; sourceTree = "<group>"; };
		CF22B5502BC830140034E750 /* BaseCoordinator.swift */ = {isa = PBXFileReference; lastKnownFileType = sourcecode.swift; path = BaseCoordinator.swift; sourceTree = "<group>"; };
		CF22B5562BC8311C0034E750 /* LoadingView.swift */ = {isa = PBXFileReference; lastKnownFileType = sourcecode.swift; path = LoadingView.swift; sourceTree = "<group>"; };
		CF22B5582BC8312E0034E750 /* LoadingView.xib */ = {isa = PBXFileReference; lastKnownFileType = file.xib; path = LoadingView.xib; sourceTree = "<group>"; };
		CF22B55A2BC945950034E750 /* UsersResponseModel.swift */ = {isa = PBXFileReference; lastKnownFileType = sourcecode.swift; path = UsersResponseModel.swift; sourceTree = "<group>"; };
		CF4DF2052BC953FC00C142B3 /* UserTableViewCell.swift */ = {isa = PBXFileReference; lastKnownFileType = sourcecode.swift; path = UserTableViewCell.swift; sourceTree = "<group>"; };
		CF4DF2062BC953FC00C142B3 /* UserTableViewCell.xib */ = {isa = PBXFileReference; lastKnownFileType = file.xib; path = UserTableViewCell.xib; sourceTree = "<group>"; };
		CF4DF20A2BC97AEE00C142B3 /* UserDefaults+Extension.swift */ = {isa = PBXFileReference; lastKnownFileType = sourcecode.swift; path = "UserDefaults+Extension.swift"; sourceTree = "<group>"; };
/* End PBXFileReference section */

/* Begin PBXFrameworksBuildPhase section */
		CF22B5062BC575640034E750 /* Frameworks */ = {
			isa = PBXFrameworksBuildPhase;
			buildActionMask = 2147483647;
			files = (
				0D9B3F38E3AC6F22BCFD3F20 /* Pods_WBPO_Assignment.framework in Frameworks */,
			);
			runOnlyForDeploymentPostprocessing = 0;
		};
/* End PBXFrameworksBuildPhase section */

/* Begin PBXGroup section */
		7AB9278E869E1AD741D3DB26 /* Frameworks */ = {
			isa = PBXGroup;
			children = (
				857947EA73ACFA1E4B116B24 /* Pods_WBPO_Assignment.framework */,
			);
			name = Frameworks;
			sourceTree = "<group>";
		};
		CF22B5002BC575640034E750 = {
			isa = PBXGroup;
			children = (
				CF22B50B2BC575640034E750 /* WBPO-Assignment */,
				CF22B50A2BC575640034E750 /* Products */,
				FD66C16507E076CF73224D09 /* Pods */,
				7AB9278E869E1AD741D3DB26 /* Frameworks */,
			);
			sourceTree = "<group>";
		};
		CF22B50A2BC575640034E750 /* Products */ = {
			isa = PBXGroup;
			children = (
				CF22B5092BC575640034E750 /* WBPO-Assignment.app */,
			);
			name = Products;
			sourceTree = "<group>";
		};
		CF22B50B2BC575640034E750 /* WBPO-Assignment */ = {
			isa = PBXGroup;
			children = (
				CF22B5202BC575D70034E750 /* Common */,
				CF22B5242BC576880034E750 /* Scenes */,
				CF22B50C2BC575640034E750 /* AppDelegate.swift */,
				CF22B50E2BC575640034E750 /* SceneDelegate.swift */,
				CF22B5152BC575650034E750 /* Assets.xcassets */,
				CF22B5172BC575650034E750 /* LaunchScreen.storyboard */,
				CF22B51A2BC575650034E750 /* Info.plist */,
			);
			path = "WBPO-Assignment";
			sourceTree = "<group>";
		};
		CF22B5202BC575D70034E750 /* Common */ = {
			isa = PBXGroup;
			children = (
				CF22B5542BC831110034E750 /* Views */,
				CF22B53E2BC820EC0034E750 /* Services */,
				CF22B5212BC575E00034E750 /* Extensions */,
				CF22B5502BC830140034E750 /* BaseCoordinator.swift */,
			);
			path = Common;
			sourceTree = "<group>";
		};
		CF22B5212BC575E00034E750 /* Extensions */ = {
			isa = PBXGroup;
			children = (
				CF4DF20A2BC97AEE00C142B3 /* UserDefaults+Extension.swift */,
				CF22B5222BC575EA0034E750 /* UIViewController+Extension.swift */,
				CF22B53C2BC803350034E750 /* UIView+Extension.swift */,
			);
			path = Extensions;
			sourceTree = "<group>";
		};
		CF22B5242BC576880034E750 /* Scenes */ = {
			isa = PBXGroup;
			children = (
				CF22B5472BC82E460034E750 /* User List */,
				CF22B5252BC576940034E750 /* Login */,
			);
			path = Scenes;
			sourceTree = "<group>";
		};
		CF22B5252BC576940034E750 /* Login */ = {
			isa = PBXGroup;
			children = (
				CF22B52C2BC576B00034E750 /* LoginCoordinator.swift */,
				CF22B52A2BC576A80034E750 /* LoginViewModel.swift */,
				CF22B5262BC5769B0034E750 /* LoginViewController.swift */,
				CF22B5282BC576A20034E750 /* LoginViewController.storyboard */,
			);
			path = Login;
			sourceTree = "<group>";
		};
		CF22B5302BC7F0720034E750 /* Networking */ = {
			isa = PBXGroup;
			children = (
				CF22B5312BC7F0780034E750 /* Model */,
				CF22B52E2BC7EF240034E750 /* ApiRoutes.swift */,
				CF22B5342BC7F2210034E750 /* ApiClient.swift */,
			);
			path = Networking;
			sourceTree = "<group>";
		};
		CF22B5312BC7F0780034E750 /* Model */ = {
			isa = PBXGroup;
			children = (
				CF22B5322BC7F0820034E750 /* RegisterRequestModel.swift */,
				CF22B5362BC7F2A80034E750 /* RegisterResponseModel.swift */,
				CF22B55A2BC945950034E750 /* UsersResponseModel.swift */,
				CF22B5382BC7F86C0034E750 /* ErrorModel.swift */,
			);
			path = Model;
			sourceTree = "<group>";
		};
		CF22B53E2BC820EC0034E750 /* Services */ = {
			isa = PBXGroup;
			children = (
				CF22B53F2BC820F60034E750 /* Keychain */,
				CF22B5302BC7F0720034E750 /* Networking */,
			);
			name = Services;
			sourceTree = "<group>";
		};
		CF22B53F2BC820F60034E750 /* Keychain */ = {
			isa = PBXGroup;
			children = (
				CF22B5442BC822750034E750 /* Model */,
				CF22B5402BC821E30034E750 /* KeychainService.swift */,
				CF22B5422BC8221F0034E750 /* KeychainService+Extensions.swift */,
			);
			path = Keychain;
			sourceTree = "<group>";
		};
		CF22B5442BC822750034E750 /* Model */ = {
			isa = PBXGroup;
			children = (
				CF22B5452BC8227E0034E750 /* UserCredentials.swift */,
			);
			path = Model;
			sourceTree = "<group>";
		};
		CF22B5472BC82E460034E750 /* User List */ = {
			isa = PBXGroup;
			children = (
				CF4DF2042BC953E900C142B3 /* UserTableViewCell */,
				CF22B5482BC82E630034E750 /* UserListCoordinator.swift */,
				CF22B54A2BC82E680034E750 /* UserListViewModel.swift */,
				CF22B54C2BC82E710034E750 /* UserListViewController.swift */,
				CF22B54E2BC82E770034E750 /* UserListViewController.storyboard */,
			);
			path = "User List";
			sourceTree = "<group>";
		};
		CF22B5542BC831110034E750 /* Views */ = {
			isa = PBXGroup;
			children = (
				CF22B5552BC831150034E750 /* LoadingView */,
			);
			path = Views;
			sourceTree = "<group>";
		};
		CF22B5552BC831150034E750 /* LoadingView */ = {
			isa = PBXGroup;
			children = (
				CF22B5562BC8311C0034E750 /* LoadingView.swift */,
				CF22B5582BC8312E0034E750 /* LoadingView.xib */,
			);
			path = LoadingView;
			sourceTree = "<group>";
		};
		CF4DF2042BC953E900C142B3 /* UserTableViewCell */ = {
			isa = PBXGroup;
			children = (
				CF4DF2052BC953FC00C142B3 /* UserTableViewCell.swift */,
				CF4DF2062BC953FC00C142B3 /* UserTableViewCell.xib */,
			);
			path = UserTableViewCell;
			sourceTree = "<group>";
		};
		FD66C16507E076CF73224D09 /* Pods */ = {
			isa = PBXGroup;
			children = (
				7438C600168BBF4E82E1614C /* Pods-WBPO-Assignment.debug.xcconfig */,
				7AD3005D736CE3704F629F1B /* Pods-WBPO-Assignment.release.xcconfig */,
			);
			path = Pods;
			sourceTree = "<group>";
		};
/* End PBXGroup section */

/* Begin PBXNativeTarget section */
		CF22B5082BC575640034E750 /* WBPO-Assignment */ = {
			isa = PBXNativeTarget;
			buildConfigurationList = CF22B51D2BC575650034E750 /* Build configuration list for PBXNativeTarget "WBPO-Assignment" */;
			buildPhases = (
				E8E86A1BE895B9AE71B706D9 /* [CP] Check Pods Manifest.lock */,
				CF22B5052BC575640034E750 /* Sources */,
				CF22B5062BC575640034E750 /* Frameworks */,
				CF22B5072BC575640034E750 /* Resources */,
				289A998BF6FB7C8F6D989820 /* [CP] Embed Pods Frameworks */,
			);
			buildRules = (
			);
			dependencies = (
			);
			name = "WBPO-Assignment";
			productName = "WBPO-Assignment";
			productReference = CF22B5092BC575640034E750 /* WBPO-Assignment.app */;
			productType = "com.apple.product-type.application";
		};
/* End PBXNativeTarget section */

/* Begin PBXProject section */
		CF22B5012BC575640034E750 /* Project object */ = {
			isa = PBXProject;
			attributes = {
				BuildIndependentTargetsInParallel = 1;
				LastSwiftUpdateCheck = 1520;
				LastUpgradeCheck = 1520;
				TargetAttributes = {
					CF22B5082BC575640034E750 = {
						CreatedOnToolsVersion = 15.2;
					};
				};
			};
			buildConfigurationList = CF22B5042BC575640034E750 /* Build configuration list for PBXProject "WBPO-Assignment" */;
			compatibilityVersion = "Xcode 14.0";
			developmentRegion = en;
			hasScannedForEncodings = 0;
			knownRegions = (
				en,
				Base,
			);
			mainGroup = CF22B5002BC575640034E750;
			productRefGroup = CF22B50A2BC575640034E750 /* Products */;
			projectDirPath = "";
			projectRoot = "";
			targets = (
				CF22B5082BC575640034E750 /* WBPO-Assignment */,
			);
		};
/* End PBXProject section */

/* Begin PBXResourcesBuildPhase section */
		CF22B5072BC575640034E750 /* Resources */ = {
			isa = PBXResourcesBuildPhase;
			buildActionMask = 2147483647;
			files = (
				CF22B5292BC576A20034E750 /* LoginViewController.storyboard in Resources */,
				CF22B5192BC575650034E750 /* LaunchScreen.storyboard in Resources */,
				CF22B54F2BC82E770034E750 /* UserListViewController.storyboard in Resources */,
				CF22B5162BC575650034E750 /* Assets.xcassets in Resources */,
				CF4DF2082BC953FC00C142B3 /* UserTableViewCell.xib in Resources */,
				CF22B5592BC8312E0034E750 /* LoadingView.xib in Resources */,
			);
			runOnlyForDeploymentPostprocessing = 0;
		};
/* End PBXResourcesBuildPhase section */

/* Begin PBXShellScriptBuildPhase section */
		289A998BF6FB7C8F6D989820 /* [CP] Embed Pods Frameworks */ = {
			isa = PBXShellScriptBuildPhase;
			buildActionMask = 2147483647;
			files = (
			);
			inputFileListPaths = (
				"${PODS_ROOT}/Target Support Files/Pods-WBPO-Assignment/Pods-WBPO-Assignment-frameworks-${CONFIGURATION}-input-files.xcfilelist",
			);
			name = "[CP] Embed Pods Frameworks";
			outputFileListPaths = (
				"${PODS_ROOT}/Target Support Files/Pods-WBPO-Assignment/Pods-WBPO-Assignment-frameworks-${CONFIGURATION}-output-files.xcfilelist",
			);
			runOnlyForDeploymentPostprocessing = 0;
			shellPath = /bin/sh;
			shellScript = "\"${PODS_ROOT}/Target Support Files/Pods-WBPO-Assignment/Pods-WBPO-Assignment-frameworks.sh\"\n";
			showEnvVarsInLog = 0;
		};
		E8E86A1BE895B9AE71B706D9 /* [CP] Check Pods Manifest.lock */ = {
			isa = PBXShellScriptBuildPhase;
			buildActionMask = 2147483647;
			files = (
			);
			inputFileListPaths = (
			);
			inputPaths = (
				"${PODS_PODFILE_DIR_PATH}/Podfile.lock",
				"${PODS_ROOT}/Manifest.lock",
			);
			name = "[CP] Check Pods Manifest.lock";
			outputFileListPaths = (
			);
			outputPaths = (
				"$(DERIVED_FILE_DIR)/Pods-WBPO-Assignment-checkManifestLockResult.txt",
			);
			runOnlyForDeploymentPostprocessing = 0;
			shellPath = /bin/sh;
			shellScript = "diff \"${PODS_PODFILE_DIR_PATH}/Podfile.lock\" \"${PODS_ROOT}/Manifest.lock\" > /dev/null\nif [ $? != 0 ] ; then\n    # print error to STDERR\n    echo \"error: The sandbox is not in sync with the Podfile.lock. Run 'pod install' or update your CocoaPods installation.\" >&2\n    exit 1\nfi\n# This output is used by Xcode 'outputs' to avoid re-running this script phase.\necho \"SUCCESS\" > \"${SCRIPT_OUTPUT_FILE_0}\"\n";
			showEnvVarsInLog = 0;
		};
/* End PBXShellScriptBuildPhase section */

/* Begin PBXSourcesBuildPhase section */
		CF22B5052BC575640034E750 /* Sources */ = {
			isa = PBXSourcesBuildPhase;
			buildActionMask = 2147483647;
			files = (
				CF22B5232BC575EA0034E750 /* UIViewController+Extension.swift in Sources */,
				CF22B5372BC7F2A80034E750 /* RegisterResponseModel.swift in Sources */,
				CF4DF2072BC953FC00C142B3 /* UserTableViewCell.swift in Sources */,
				CF22B55B2BC945950034E750 /* UsersResponseModel.swift in Sources */,
				CF4DF20B2BC97AEE00C142B3 /* UserDefaults+Extension.swift in Sources */,
				CF22B52F2BC7EF240034E750 /* ApiRoutes.swift in Sources */,
				CF22B5492BC82E630034E750 /* UserListCoordinator.swift in Sources */,
				CF22B5352BC7F2210034E750 /* ApiClient.swift in Sources */,
				CF22B5572BC8311C0034E750 /* LoadingView.swift in Sources */,
				CF22B54D2BC82E710034E750 /* UserListViewController.swift in Sources */,
				CF22B5392BC7F86C0034E750 /* ErrorModel.swift in Sources */,
				CF22B54B2BC82E690034E750 /* UserListViewModel.swift in Sources */,
				CF22B52D2BC576B00034E750 /* LoginCoordinator.swift in Sources */,
				CF22B53D2BC803350034E750 /* UIView+Extension.swift in Sources */,
				CF22B5412BC821E30034E750 /* KeychainService.swift in Sources */,
				CF22B52B2BC576A80034E750 /* LoginViewModel.swift in Sources */,
				CF22B50D2BC575640034E750 /* AppDelegate.swift in Sources */,
				CF22B5272BC5769B0034E750 /* LoginViewController.swift in Sources */,
				CF22B5332BC7F0820034E750 /* RegisterRequestModel.swift in Sources */,
				CF22B5512BC830140034E750 /* BaseCoordinator.swift in Sources */,
				CF22B5432BC8221F0034E750 /* KeychainService+Extensions.swift in Sources */,
				CF22B50F2BC575640034E750 /* SceneDelegate.swift in Sources */,
				CF22B5462BC8227E0034E750 /* UserCredentials.swift in Sources */,
			);
			runOnlyForDeploymentPostprocessing = 0;
		};
/* End PBXSourcesBuildPhase section */

/* Begin PBXVariantGroup section */
		CF22B5172BC575650034E750 /* LaunchScreen.storyboard */ = {
			isa = PBXVariantGroup;
			children = (
				CF22B5182BC575650034E750 /* Base */,
			);
			name = LaunchScreen.storyboard;
			sourceTree = "<group>";
		};
/* End PBXVariantGroup section */

/* Begin XCBuildConfiguration section */
		CF22B51B2BC575650034E750 /* Debug */ = {
			isa = XCBuildConfiguration;
			buildSettings = {
				ALWAYS_SEARCH_USER_PATHS = NO;
				ASSETCATALOG_COMPILER_GENERATE_SWIFT_ASSET_SYMBOL_EXTENSIONS = YES;
				CLANG_ANALYZER_NONNULL = YES;
				CLANG_ANALYZER_NUMBER_OBJECT_CONVERSION = YES_AGGRESSIVE;
				CLANG_CXX_LANGUAGE_STANDARD = "gnu++20";
				CLANG_ENABLE_MODULES = YES;
				CLANG_ENABLE_OBJC_ARC = YES;
				CLANG_ENABLE_OBJC_WEAK = YES;
				CLANG_WARN_BLOCK_CAPTURE_AUTORELEASING = YES;
				CLANG_WARN_BOOL_CONVERSION = YES;
				CLANG_WARN_COMMA = YES;
				CLANG_WARN_CONSTANT_CONVERSION = YES;
				CLANG_WARN_DEPRECATED_OBJC_IMPLEMENTATIONS = YES;
				CLANG_WARN_DIRECT_OBJC_ISA_USAGE = YES_ERROR;
				CLANG_WARN_DOCUMENTATION_COMMENTS = YES;
				CLANG_WARN_EMPTY_BODY = YES;
				CLANG_WARN_ENUM_CONVERSION = YES;
				CLANG_WARN_INFINITE_RECURSION = YES;
				CLANG_WARN_INT_CONVERSION = YES;
				CLANG_WARN_NON_LITERAL_NULL_CONVERSION = YES;
				CLANG_WARN_OBJC_IMPLICIT_RETAIN_SELF = YES;
				CLANG_WARN_OBJC_LITERAL_CONVERSION = YES;
				CLANG_WARN_OBJC_ROOT_CLASS = YES_ERROR;
				CLANG_WARN_QUOTED_INCLUDE_IN_FRAMEWORK_HEADER = YES;
				CLANG_WARN_RANGE_LOOP_ANALYSIS = YES;
				CLANG_WARN_STRICT_PROTOTYPES = YES;
				CLANG_WARN_SUSPICIOUS_MOVE = YES;
				CLANG_WARN_UNGUARDED_AVAILABILITY = YES_AGGRESSIVE;
				CLANG_WARN_UNREACHABLE_CODE = YES;
				CLANG_WARN__DUPLICATE_METHOD_MATCH = YES;
				COPY_PHASE_STRIP = NO;
				DEBUG_INFORMATION_FORMAT = dwarf;
				ENABLE_STRICT_OBJC_MSGSEND = YES;
				ENABLE_TESTABILITY = YES;
				ENABLE_USER_SCRIPT_SANDBOXING = YES;
				GCC_C_LANGUAGE_STANDARD = gnu17;
				GCC_DYNAMIC_NO_PIC = NO;
				GCC_NO_COMMON_BLOCKS = YES;
				GCC_OPTIMIZATION_LEVEL = 0;
				GCC_PREPROCESSOR_DEFINITIONS = (
					"DEBUG=1",
					"$(inherited)",
				);
				GCC_WARN_64_TO_32_BIT_CONVERSION = YES;
				GCC_WARN_ABOUT_RETURN_TYPE = YES_ERROR;
				GCC_WARN_UNDECLARED_SELECTOR = YES;
				GCC_WARN_UNINITIALIZED_AUTOS = YES_AGGRESSIVE;
				GCC_WARN_UNUSED_FUNCTION = YES;
				GCC_WARN_UNUSED_VARIABLE = YES;
				IPHONEOS_DEPLOYMENT_TARGET = 17.2;
				LOCALIZATION_PREFERS_STRING_CATALOGS = YES;
				MTL_ENABLE_DEBUG_INFO = INCLUDE_SOURCE;
				MTL_FAST_MATH = YES;
				ONLY_ACTIVE_ARCH = YES;
				SDKROOT = iphoneos;
				SWIFT_ACTIVE_COMPILATION_CONDITIONS = "DEBUG $(inherited)";
				SWIFT_OPTIMIZATION_LEVEL = "-Onone";
			};
			name = Debug;
		};
		CF22B51C2BC575650034E750 /* Release */ = {
			isa = XCBuildConfiguration;
			buildSettings = {
				ALWAYS_SEARCH_USER_PATHS = NO;
				ASSETCATALOG_COMPILER_GENERATE_SWIFT_ASSET_SYMBOL_EXTENSIONS = YES;
				CLANG_ANALYZER_NONNULL = YES;
				CLANG_ANALYZER_NUMBER_OBJECT_CONVERSION = YES_AGGRESSIVE;
				CLANG_CXX_LANGUAGE_STANDARD = "gnu++20";
				CLANG_ENABLE_MODULES = YES;
				CLANG_ENABLE_OBJC_ARC = YES;
				CLANG_ENABLE_OBJC_WEAK = YES;
				CLANG_WARN_BLOCK_CAPTURE_AUTORELEASING = YES;
				CLANG_WARN_BOOL_CONVERSION = YES;
				CLANG_WARN_COMMA = YES;
				CLANG_WARN_CONSTANT_CONVERSION = YES;
				CLANG_WARN_DEPRECATED_OBJC_IMPLEMENTATIONS = YES;
				CLANG_WARN_DIRECT_OBJC_ISA_USAGE = YES_ERROR;
				CLANG_WARN_DOCUMENTATION_COMMENTS = YES;
				CLANG_WARN_EMPTY_BODY = YES;
				CLANG_WARN_ENUM_CONVERSION = YES;
				CLANG_WARN_INFINITE_RECURSION = YES;
				CLANG_WARN_INT_CONVERSION = YES;
				CLANG_WARN_NON_LITERAL_NULL_CONVERSION = YES;
				CLANG_WARN_OBJC_IMPLICIT_RETAIN_SELF = YES;
				CLANG_WARN_OBJC_LITERAL_CONVERSION = YES;
				CLANG_WARN_OBJC_ROOT_CLASS = YES_ERROR;
				CLANG_WARN_QUOTED_INCLUDE_IN_FRAMEWORK_HEADER = YES;
				CLANG_WARN_RANGE_LOOP_ANALYSIS = YES;
				CLANG_WARN_STRICT_PROTOTYPES = YES;
				CLANG_WARN_SUSPICIOUS_MOVE = YES;
				CLANG_WARN_UNGUARDED_AVAILABILITY = YES_AGGRESSIVE;
				CLANG_WARN_UNREACHABLE_CODE = YES;
				CLANG_WARN__DUPLICATE_METHOD_MATCH = YES;
				COPY_PHASE_STRIP = NO;
				DEBUG_INFORMATION_FORMAT = "dwarf-with-dsym";
				ENABLE_NS_ASSERTIONS = NO;
				ENABLE_STRICT_OBJC_MSGSEND = YES;
				ENABLE_USER_SCRIPT_SANDBOXING = YES;
				GCC_C_LANGUAGE_STANDARD = gnu17;
				GCC_NO_COMMON_BLOCKS = YES;
				GCC_WARN_64_TO_32_BIT_CONVERSION = YES;
				GCC_WARN_ABOUT_RETURN_TYPE = YES_ERROR;
				GCC_WARN_UNDECLARED_SELECTOR = YES;
				GCC_WARN_UNINITIALIZED_AUTOS = YES_AGGRESSIVE;
				GCC_WARN_UNUSED_FUNCTION = YES;
				GCC_WARN_UNUSED_VARIABLE = YES;
				IPHONEOS_DEPLOYMENT_TARGET = 17.2;
				LOCALIZATION_PREFERS_STRING_CATALOGS = YES;
				MTL_ENABLE_DEBUG_INFO = NO;
				MTL_FAST_MATH = YES;
				SDKROOT = iphoneos;
				SWIFT_COMPILATION_MODE = wholemodule;
				VALIDATE_PRODUCT = YES;
			};
			name = Release;
		};
		CF22B51E2BC575650034E750 /* Debug */ = {
			isa = XCBuildConfiguration;
			baseConfigurationReference = 7438C600168BBF4E82E1614C /* Pods-WBPO-Assignment.debug.xcconfig */;
			buildSettings = {
				ASSETCATALOG_COMPILER_APPICON_NAME = AppIcon;
				ASSETCATALOG_COMPILER_GLOBAL_ACCENT_COLOR_NAME = AccentColor;
				CODE_SIGN_STYLE = Automatic;
				CURRENT_PROJECT_VERSION = 1;
				DEVELOPMENT_TEAM = G98QS5K22V;
				ENABLE_USER_SCRIPT_SANDBOXING = NO;
				GENERATE_INFOPLIST_FILE = YES;
				INFOPLIST_FILE = "WBPO-Assignment/Info.plist";
				INFOPLIST_KEY_UIApplicationSupportsIndirectInputEvents = YES;
				INFOPLIST_KEY_UILaunchStoryboardName = LaunchScreen;
				INFOPLIST_KEY_UISupportedInterfaceOrientations_iPad = "UIInterfaceOrientationPortrait UIInterfaceOrientationPortraitUpsideDown UIInterfaceOrientationLandscapeLeft UIInterfaceOrientationLandscapeRight";
				INFOPLIST_KEY_UISupportedInterfaceOrientations_iPhone = "UIInterfaceOrientationPortrait UIInterfaceOrientationLandscapeLeft UIInterfaceOrientationLandscapeRight";
				IPHONEOS_DEPLOYMENT_TARGET = 17.1;
				LD_RUNPATH_SEARCH_PATHS = (
					"$(inherited)",
					"@executable_path/Frameworks",
				);
				MARKETING_VERSION = 1.0;
				PRODUCT_BUNDLE_IDENTIFIER = "com.janmatoniak.WBPO-Assignment";
				PRODUCT_NAME = "$(TARGET_NAME)";
				SWIFT_EMIT_LOC_STRINGS = YES;
				SWIFT_VERSION = 5.0;
				TARGETED_DEVICE_FAMILY = "1,2";
			};
			name = Debug;
		};
		CF22B51F2BC575650034E750 /* Release */ = {
			isa = XCBuildConfiguration;
			baseConfigurationReference = 7AD3005D736CE3704F629F1B /* Pods-WBPO-Assignment.release.xcconfig */;
			buildSettings = {
				ASSETCATALOG_COMPILER_APPICON_NAME = AppIcon;
				ASSETCATALOG_COMPILER_GLOBAL_ACCENT_COLOR_NAME = AccentColor;
				CODE_SIGN_STYLE = Automatic;
				CURRENT_PROJECT_VERSION = 1;
				DEVELOPMENT_TEAM = G98QS5K22V;
				ENABLE_USER_SCRIPT_SANDBOXING = NO;
				GENERATE_INFOPLIST_FILE = YES;
				INFOPLIST_FILE = "WBPO-Assignment/Info.plist";
				INFOPLIST_KEY_UIApplicationSupportsIndirectInputEvents = YES;
				INFOPLIST_KEY_UILaunchStoryboardName = LaunchScreen;
				INFOPLIST_KEY_UISupportedInterfaceOrientations_iPad = "UIInterfaceOrientationPortrait UIInterfaceOrientationPortraitUpsideDown UIInterfaceOrientationLandscapeLeft UIInterfaceOrientationLandscapeRight";
				INFOPLIST_KEY_UISupportedInterfaceOrientations_iPhone = "UIInterfaceOrientationPortrait UIInterfaceOrientationLandscapeLeft UIInterfaceOrientationLandscapeRight";
				IPHONEOS_DEPLOYMENT_TARGET = 17.1;
				LD_RUNPATH_SEARCH_PATHS = (
					"$(inherited)",
					"@executable_path/Frameworks",
				);
				MARKETING_VERSION = 1.0;
				PRODUCT_BUNDLE_IDENTIFIER = "com.janmatoniak.WBPO-Assignment";
				PRODUCT_NAME = "$(TARGET_NAME)";
				SWIFT_EMIT_LOC_STRINGS = YES;
				SWIFT_VERSION = 5.0;
				TARGETED_DEVICE_FAMILY = "1,2";
			};
			name = Release;
		};
/* End XCBuildConfiguration section */

/* Begin XCConfigurationList section */
		CF22B5042BC575640034E750 /* Build configuration list for PBXProject "WBPO-Assignment" */ = {
			isa = XCConfigurationList;
			buildConfigurations = (
				CF22B51B2BC575650034E750 /* Debug */,
				CF22B51C2BC575650034E750 /* Release */,
			);
			defaultConfigurationIsVisible = 0;
			defaultConfigurationName = Release;
		};
		CF22B51D2BC575650034E750 /* Build configuration list for PBXNativeTarget "WBPO-Assignment" */ = {
			isa = XCConfigurationList;
			buildConfigurations = (
				CF22B51E2BC575650034E750 /* Debug */,
				CF22B51F2BC575650034E750 /* Release */,
			);
			defaultConfigurationIsVisible = 0;
			defaultConfigurationName = Release;
		};
/* End XCConfigurationList section */
	};
	rootObject = CF22B5012BC575640034E750 /* Project object */;
}
